
Microsoft Visual Studio Solution File, Format Version 12.00
# Visual Studio 2015
Project("{FAE04EC0-301F-11D3-BF4B-00C04F79EFBC}") = "Woohoo.CSharp", "Woohoo.CSharp.csproj", "{BA9F62FD-14D0-8B44-1EE2-F4E84108B1FE}"
EndProject
Project("{FAE04EC0-301F-11D3-BF4B-00C04F79EFBC}") = "Woohoo.CSharp.Editor", "Woohoo.CSharp.Editor.csproj", "{D7193BAB-9EB5-EFBF-AF66-A1C33DDF8FDE}"
EndProject
Global
	GlobalSection(SolutionConfigurationPlatforms) = preSolution
		Debug|Any CPU = Debug|Any CPU
		Release|Any CPU = Release|Any CPU
	EndGlobalSection
	GlobalSection(ProjectConfigurationPlatforms) = postSolution
		{BA9F62FD-14D0-8B44-1EE2-F4E84108B1FE}.Debug|Any CPU.ActiveCfg = Debug|Any CPU
		{BA9F62FD-14D0-8B44-1EE2-F4E84108B1FE}.Debug|Any CPU.Build.0 = Debug|Any CPU
		{BA9F62FD-14D0-8B44-1EE2-F4E84108B1FE}.Release|Any CPU.ActiveCfg = Release|Any CPU
		{BA9F62FD-14D0-8B44-1EE2-F4E84108B1FE}.Release|Any CPU.Build.0 = Release|Any CPU
		{D7193BAB-9EB5-EFBF-AF66-A1C33DDF8FDE}.Debug|Any CPU.ActiveCfg = Debug|Any CPU
		{D7193BAB-9EB5-EFBF-AF66-A1C33DDF8FDE}.Debug|Any CPU.Build.0 = Debug|Any CPU
		{D7193BAB-9EB5-EFBF-AF66-A1C33DDF8FDE}.Release|Any CPU.ActiveCfg = Release|Any CPU
		{D7193BAB-9EB5-EFBF-AF66-A1C33DDF8FDE}.Release|Any CPU.Build.0 = Release|Any CPU
	EndGlobalSection
	GlobalSection(SolutionProperties) = preSolution
		HideSolutionNode = FALSE
	EndGlobalSection
EndGlobal
